
Microsoft Visual Studio Solution File, Format Version 12.00
# Visual Studio 15
VisualStudioVersion = 15.0.28010.2026
MinimumVisualStudioVersion = 10.0.40219.1
Project("{FAE04EC0-301F-11D3-BF4B-00C04F79EFBC}") = "QuanLyVatTu", "QuanLyVatTu\QuanLyVatTu.csproj", "{6C5504EC-01BD-49B7-B920-852C6B9B1D5E}"
EndProject
Global
	GlobalSection(SolutionConfigurationPlatforms) = preSolution
		Debug|Any CPU = Debug|Any CPU
		Release|Any CPU = Release|Any CPU
	EndGlobalSection
	GlobalSection(ProjectConfigurationPlatforms) = postSolution
		{6C5504EC-01BD-49B7-B920-852C6B9B1D5E}.Debug|Any CPU.ActiveCfg = Debug|Any CPU
		{6C5504EC-01BD-49B7-B920-852C6B9B1D5E}.Debug|Any CPU.Build.0 = Debug|Any CPU
		{6C5504EC-01BD-49B7-B920-852C6B9B1D5E}.Release|Any CPU.ActiveCfg = Release|Any CPU
		{6C5504EC-01BD-49B7-B920-852C6B9B1D5E}.Release|Any CPU.Build.0 = Release|Any CPU
	EndGlobalSection
	GlobalSection(SolutionProperties) = preSolution
		HideSolutionNode = FALSE
	EndGlobalSection
	GlobalSection(ExtensibilityGlobals) = postSolution
		SolutionGuid = {1CE17FF1-5546-4D54-B5B6-5779B7186FC6}
	EndGlobalSection
EndGlobal
